# THIS IS AN AUTOGENERATED FILE. DO NOT EDIT THIS FILE DIRECTLY.
# yarn lockfile v1


simple-git-hooks@^2.4.1:
  version "2.4.1"
  resolved "https://registry.yarnpkg.com/simple-git-hooks/-/simple-git-hooks-2.4.1.tgz#bb3495610701394d00ce4a84892a9ca8aad73710"
  integrity sha512-LFdiF7O0Hg96vS1mO8gtBiDXLkCrLhqpU7O3gMZVO90Uf+/VFY4C5VJITyXPbHNX6OnlFmiFR0YnV4XbfguZHA==
